
Microsoft Visual Studio Solution File, Format Version 12.00
# Visual Studio Version 17
VisualStudioVersion = 17.2.32516.85
MinimumVisualStudioVersion = 10.0.40219.1
Project("{FAE04EC0-301F-11D3-BF4B-00C04F79EFBC}") = "SharpZippo", "SharpZippo\SharpZippo.csproj", "{2EDBAEF0-81B0-41E0-A885-CBAFB5A4D1C6}"
EndProject
Global
	GlobalSection(SolutionConfigurationPlatforms) = preSolution
		Debug|Any CPU = Debug|Any CPU
		Release|Any CPU = Release|Any CPU
	EndGlobalSection
	GlobalSection(ProjectConfigurationPlatforms) = postSolution
		{2EDBAEF0-81B0-41E0-A885-CBAFB5A4D1C6}.Debug|Any CPU.ActiveCfg = Debug|Any CPU
		{2EDBAEF0-81B0-41E0-A885-CBAFB5A4D1C6}.Debug|Any CPU.Build.0 = Debug|Any CPU
		{2EDBAEF0-81B0-41E0-A885-CBAFB5A4D1C6}.Release|Any CPU.ActiveCfg = Release|Any CPU
		{2EDBAEF0-81B0-41E0-A885-CBAFB5A4D1C6}.Release|Any CPU.Build.0 = Release|Any CPU
	EndGlobalSection
	GlobalSection(SolutionProperties) = preSolution
		HideSolutionNode = FALSE
	EndGlobalSection
	GlobalSection(ExtensibilityGlobals) = postSolution
		SolutionGuid = {06CEF214-E585-41D0-B931-8AEFA1FD6501}
	EndGlobalSection
EndGlobal
